
Microsoft Visual Studio Solution File, Format Version 11.00
# Visual Studio 2010
Project("{FAE04EC0-301F-11D3-BF4B-00C04F79EFBC}") = "New new project", "Assembly-CSharp-firstpass.csproj", "{01B172B1-813C-0395-8D64-6542B24375B7}"
EndProject
Project("{FAE04EC0-301F-11D3-BF4B-00C04F79EFBC}") = "New new project", "Assembly-CSharp-Editor-firstpass.csproj", "{B6F9BA9F-8D78-A875-EAB5-A3F7CEF14AAF}"
EndProject
Global
	GlobalSection(SolutionConfigurationPlatforms) = preSolution
		Debug|Any CPU = Debug|Any CPU
		Release|Any CPU = Release|Any CPU
	EndGlobalSection
	GlobalSection(ProjectConfigurationPlatforms) = postSolution
		{01B172B1-813C-0395-8D64-6542B24375B7}.Debug|Any CPU.ActiveCfg = Debug|Any CPU
		{01B172B1-813C-0395-8D64-6542B24375B7}.Debug|Any CPU.Build.0 = Debug|Any CPU
		{01B172B1-813C-0395-8D64-6542B24375B7}.Release|Any CPU.ActiveCfg = Release|Any CPU
		{01B172B1-813C-0395-8D64-6542B24375B7}.Release|Any CPU.Build.0 = Release|Any CPU
		{B6F9BA9F-8D78-A875-EAB5-A3F7CEF14AAF}.Debug|Any CPU.ActiveCfg = Debug|Any CPU
		{B6F9BA9F-8D78-A875-EAB5-A3F7CEF14AAF}.Debug|Any CPU.Build.0 = Debug|Any CPU
		{B6F9BA9F-8D78-A875-EAB5-A3F7CEF14AAF}.Release|Any CPU.ActiveCfg = Release|Any CPU
		{B6F9BA9F-8D78-A875-EAB5-A3F7CEF14AAF}.Release|Any CPU.Build.0 = Release|Any CPU
	EndGlobalSection
	GlobalSection(SolutionProperties) = preSolution
		HideSolutionNode = FALSE
	EndGlobalSection
	GlobalSection(MonoDevelopProperties) = preSolution
		StartupItem = Assembly-CSharp.csproj
	EndGlobalSection
EndGlobal
